
Microsoft Visual Studio Solution File, Format Version 12.00
# Visual Studio Version 17
VisualStudioVersion = 17.3.32901.215
MinimumVisualStudioVersion = 10.0.40219.1
Project("{FAE04EC0-301F-11D3-BF4B-00C04F79EFBC}") = "InterfacesLessonWithMichael", "InterfacesLessonWithMichael\InterfacesLessonWithMichael.csproj", "{676663D8-ABD3-4B6D-9A45-EA555B59D2DC}"
EndProject
Global
	GlobalSection(SolutionConfigurationPlatforms) = preSolution
		Debug|Any CPU = Debug|Any CPU
		Release|Any CPU = Release|Any CPU
	EndGlobalSection
	GlobalSection(ProjectConfigurationPlatforms) = postSolution
		{676663D8-ABD3-4B6D-9A45-EA555B59D2DC}.Debug|Any CPU.ActiveCfg = Debug|Any CPU
		{676663D8-ABD3-4B6D-9A45-EA555B59D2DC}.Debug|Any CPU.Build.0 = Debug|Any CPU
		{676663D8-ABD3-4B6D-9A45-EA555B59D2DC}.Release|Any CPU.ActiveCfg = Release|Any CPU
		{676663D8-ABD3-4B6D-9A45-EA555B59D2DC}.Release|Any CPU.Build.0 = Release|Any CPU
	EndGlobalSection
	GlobalSection(SolutionProperties) = preSolution
		HideSolutionNode = FALSE
	EndGlobalSection
	GlobalSection(ExtensibilityGlobals) = postSolution
		SolutionGuid = {463D46FD-D587-48E7-AFEE-FA4D9A9ACC8A}
	EndGlobalSection
EndGlobal
